// !$*UTF8*$!
{
	archiveVersion = 1;
	classes = {
	};
	objectVersion = 50;
	objects = {

/* Begin PBXBuildFile section */
		4D0C4B4721AEC73A00153E76 /* AppDelegate.swift in Sources */ = {isa = PBXBuildFile; fileRef = 4D0C4B4621AEC73A00153E76 /* AppDelegate.swift */; };
		4D0C4B4921AEC73A00153E76 /* MainViewController.swift in Sources */ = {isa = PBXBuildFile; fileRef = 4D0C4B4821AEC73A00153E76 /* MainViewController.swift */; };
		4D0C4B4C21AEC73A00153E76 /* Main.storyboard in Resources */ = {isa = PBXBuildFile; fileRef = 4D0C4B4A21AEC73A00153E76 /* Main.storyboard */; };
		4D0C4B4F21AEC73A00153E76 /* SimpleRecipeTimer.xcdatamodeld in Sources */ = {isa = PBXBuildFile; fileRef = 4D0C4B4D21AEC73A00153E76 /* SimpleRecipeTimer.xcdatamodeld */; };
		4D0C4B5121AEC73C00153E76 /* Assets.xcassets in Resources */ = {isa = PBXBuildFile; fileRef = 4D0C4B5021AEC73C00153E76 /* Assets.xcassets */; };
		4D0C4B5421AEC73C00153E76 /* LaunchScreen.storyboard in Resources */ = {isa = PBXBuildFile; fileRef = 4D0C4B5221AEC73C00153E76 /* LaunchScreen.storyboard */; };
		4D0C4B5F21AEC73D00153E76 /* TimeableTests.swift in Sources */ = {isa = PBXBuildFile; fileRef = 4D0C4B5E21AEC73D00153E76 /* TimeableTests.swift */; };
		4D0C4B6A21AEC73D00153E76 /* TimeableUITests.swift in Sources */ = {isa = PBXBuildFile; fileRef = 4D0C4B6921AEC73D00153E76 /* TimeableUITests.swift */; };
		4D205DB121FE8252008006BD /* StepTableViewCell.swift in Sources */ = {isa = PBXBuildFile; fileRef = 4D205DB021FE8252008006BD /* StepTableViewCell.swift */; };
		4D53801E223FE1280051DD0F /* Update.md in Resources */ = {isa = PBXBuildFile; fileRef = 4D53801D223FE1280051DD0F /* Update.md */; };
		4D538023224386D20051DD0F /* AboutMainView.swift in Sources */ = {isa = PBXBuildFile; fileRef = 4D538022224386D20051DD0F /* AboutMainView.swift */; };
		4D5380252243CACF0051DD0F /* MainViewView.swift in Sources */ = {isa = PBXBuildFile; fileRef = 4D5380242243CACF0051DD0F /* MainViewView.swift */; };
		4D5380282244BC750051DD0F /* MainViewController+UICollectionView.swift in Sources */ = {isa = PBXBuildFile; fileRef = 4D5380272244BC750051DD0F /* MainViewController+UICollectionView.swift */; };
		4D53802A2244C2D70051DD0F /* Extension+UIView.swift in Sources */ = {isa = PBXBuildFile; fileRef = 4D5380292244C2D70051DD0F /* Extension+UIView.swift */; };
		4D53802C22458E410051DD0F /* MainViewController+Scroll.swift in Sources */ = {isa = PBXBuildFile; fileRef = 4D53802B22458E410051DD0F /* MainViewController+Scroll.swift */; };
		4D53802E2245909F0051DD0F /* MainViewController+Timer.swift in Sources */ = {isa = PBXBuildFile; fileRef = 4D53802D2245909F0051DD0F /* MainViewController+Timer.swift */; };
		4D53C2172203F8C900EED75C /* HorizontalPresentationController.swift in Sources */ = {isa = PBXBuildFile; fileRef = 4D53C2162203F8C900EED75C /* HorizontalPresentationController.swift */; };
		4D53F75B21E2E38100C0AF31 /* CoreDataHelper.swift in Sources */ = {isa = PBXBuildFile; fileRef = 4D53F75A21E2E38100C0AF31 /* CoreDataHelper.swift */; };
		4D53F7BC21E72B7E00C0AF31 /* RecipeEntity.swift in Sources */ = {isa = PBXBuildFile; fileRef = 4D53F7BB21E72B7E00C0AF31 /* RecipeEntity.swift */; };
		4D53F7BE21E735CD00C0AF31 /* StepEntity.swift in Sources */ = {isa = PBXBuildFile; fileRef = 4D53F7BD21E735CD00C0AF31 /* StepEntity.swift */; };
		4D53F7CC21EC47E700C0AF31 /* ThemeConstants.swift in Sources */ = {isa = PBXBuildFile; fileRef = 4D53F7CB21EC47E700C0AF31 /* ThemeConstants.swift */; };
		4D53F7CE21ED6CB200C0AF31 /* NavView.swift in Sources */ = {isa = PBXBuildFile; fileRef = 4D53F7CD21ED6CB200C0AF31 /* NavView.swift */; };
		4D53F7D521EF0C2400C0AF31 /* OverlayTransitionDelegate.swift in Sources */ = {isa = PBXBuildFile; fileRef = 4D53F7D421EF0C2400C0AF31 /* OverlayTransitionDelegate.swift */; };
		4D53F7D821EF0C6500C0AF31 /* ViewControllerOverlayAnimator.swift in Sources */ = {isa = PBXBuildFile; fileRef = 4D53F7D721EF0C6500C0AF31 /* ViewControllerOverlayAnimator.swift */; };
		4D53F7DA21EF0D7700C0AF31 /* OverlayPresentationController.swift in Sources */ = {isa = PBXBuildFile; fileRef = 4D53F7D921EF0D7600C0AF31 /* OverlayPresentationController.swift */; };
		4D53F89C21F1A42200C0AF31 /* OverlayInteractor.swift in Sources */ = {isa = PBXBuildFile; fileRef = 4D53F89B21F1A42100C0AF31 /* OverlayInteractor.swift */; };
		4D53F89E21F1CBF800C0AF31 /* ShowOverlayAnimator.swift in Sources */ = {isa = PBXBuildFile; fileRef = 4D53F89D21F1CBF800C0AF31 /* ShowOverlayAnimator.swift */; };
		4D53F8A021F1CC0800C0AF31 /* DismissOverlayAnimator.swift in Sources */ = {isa = PBXBuildFile; fileRef = 4D53F89F21F1CC0800C0AF31 /* DismissOverlayAnimator.swift */; };
		4D53F8A521F36D9100C0AF31 /* ShowHorizontalAnimator.swift in Sources */ = {isa = PBXBuildFile; fileRef = 4D53F8A421F36D9100C0AF31 /* ShowHorizontalAnimator.swift */; };
		4D53F8A721F36DDA00C0AF31 /* HideHorizontalAnimator.swift in Sources */ = {isa = PBXBuildFile; fileRef = 4D53F8A621F36DDA00C0AF31 /* HideHorizontalAnimator.swift */; };
		4D53F8A921F36E1B00C0AF31 /* HorizontalTransitionInteractor.swift in Sources */ = {isa = PBXBuildFile; fileRef = 4D53F8A821F36E1B00C0AF31 /* HorizontalTransitionInteractor.swift */; };
		4D53F8AB21F36F5500C0AF31 /* HorizontalTransitionDelegate.swift in Sources */ = {isa = PBXBuildFile; fileRef = 4D53F8AA21F36F5500C0AF31 /* HorizontalTransitionDelegate.swift */; };
		4D53F8EE21F69D7200C0AF31 /* AddRecipeBaseCell.swift in Sources */ = {isa = PBXBuildFile; fileRef = 4D53F8ED21F69D7200C0AF31 /* AddRecipeBaseCell.swift */; };
		4D563C2C220D4ADC0039B07F /* RecipeViewControllerBase.swift in Sources */ = {isa = PBXBuildFile; fileRef = 4D563C2B220D4ADC0039B07F /* RecipeViewControllerBase.swift */; };
		4D563C2E220D54280039B07F /* RecipeViewControllerWithTableView.swift in Sources */ = {isa = PBXBuildFile; fileRef = 4D563C2D220D54280039B07F /* RecipeViewControllerWithTableView.swift */; };
		4D563C30220D7FB70039B07F /* RecipeViewCell.swift in Sources */ = {isa = PBXBuildFile; fileRef = 4D563C2F220D7FB70039B07F /* RecipeViewCell.swift */; };
		4D6DFCB82212508E009C3044 /* AboutViewController.swift in Sources */ = {isa = PBXBuildFile; fileRef = 4D6DFCB72212508E009C3044 /* AboutViewController.swift */; };
		4D6E35382215435900CBCC23 /* AddRecipeWizardError.swift in Sources */ = {isa = PBXBuildFile; fileRef = 4D6E35372215435900CBCC23 /* AddRecipeWizardError.swift */; };
		4D6E353A22154C7C00CBCC23 /* AddRecipeStepOne.swift in Sources */ = {isa = PBXBuildFile; fileRef = 4D6E353922154C7C00CBCC23 /* AddRecipeStepOne.swift */; };
		4D6E353C22154CE000CBCC23 /* AddRecipeStepTwo.swift in Sources */ = {isa = PBXBuildFile; fileRef = 4D6E353B22154CE000CBCC23 /* AddRecipeStepTwo.swift */; };
		4D94E5D5223E74DA0009F176 /* LocalNotificationsService.swift in Sources */ = {isa = PBXBuildFile; fileRef = 4D94E5D4223E74DA0009F176 /* LocalNotificationsService.swift */; };
		4D9986C1223CA3080049D55C /* Interface.storyboard in Resources */ = {isa = PBXBuildFile; fileRef = 4D9986BF223CA3080049D55C /* Interface.storyboard */; };
		4D9986C3223CA3090049D55C /* Assets.xcassets in Resources */ = {isa = PBXBuildFile; fileRef = 4D9986C2223CA3090049D55C /* Assets.xcassets */; };
		4D9986CA223CA3090049D55C /* EveryTimeW Extension.appex in Embed App Extensions */ = {isa = PBXBuildFile; fileRef = 4D9986C9223CA3090049D55C /* EveryTimeW Extension.appex */; settings = {ATTRIBUTES = (RemoveHeadersOnCopy, ); }; };
		4D9986CF223CA3090049D55C /* InterfaceController.swift in Sources */ = {isa = PBXBuildFile; fileRef = 4D9986CE223CA3090049D55C /* InterfaceController.swift */; };
		4D9986D1223CA3090049D55C /* ExtensionDelegate.swift in Sources */ = {isa = PBXBuildFile; fileRef = 4D9986D0223CA3090049D55C /* ExtensionDelegate.swift */; };
		4D9986D3223CA3090049D55C /* NotificationController.swift in Sources */ = {isa = PBXBuildFile; fileRef = 4D9986D2223CA3090049D55C /* NotificationController.swift */; };
		4D9986D5223CA30A0049D55C /* Assets.xcassets in Resources */ = {isa = PBXBuildFile; fileRef = 4D9986D4223CA30A0049D55C /* Assets.xcassets */; };
		4DA12F6F21B181460049CD75 /* StepsProtocol.swift in Sources */ = {isa = PBXBuildFile; fileRef = 4DA12F6E21B181460049CD75 /* StepsProtocol.swift */; };
		4DA12F7321B2D3DD0049CD75 /* EntityBaseCell.swift in Sources */ = {isa = PBXBuildFile; fileRef = 4DA12F7221B2D3DD0049CD75 /* EntityBaseCell.swift */; };
		4DA12F7621B358AB0049CD75 /* MainViewCell.swift in Sources */ = {isa = PBXBuildFile; fileRef = 4DA12F7521B358AB0049CD75 /* MainViewCell.swift */; };
		4DA12F7A21B606A20049CD75 /* AddStepViewController.swift in Sources */ = {isa = PBXBuildFile; fileRef = 4DA12F7921B606A20049CD75 /* AddStepViewController.swift */; };
		4DA12F7D21B611AF0049CD75 /* Extensions.swift in Sources */ = {isa = PBXBuildFile; fileRef = 4DA12F7C21B611AF0049CD75 /* Extensions.swift */; };
		4DA12F8721B8A3A20049CD75 /* Protocols.swift in Sources */ = {isa = PBXBuildFile; fileRef = 4DA12F8621B8A3A20049CD75 /* Protocols.swift */; };
		4DDA39C821D9D14A00D4773A /* AddRecipeViewController.swift in Sources */ = {isa = PBXBuildFile; fileRef = 4DDA39C721D9D14A00D4773A /* AddRecipeViewController.swift */; };
		4DF13D5B2217EE08009BE812 /* ViewControllerBaseProtocol.swift in Sources */ = {isa = PBXBuildFile; fileRef = 4DF13D5A2217EE08009BE812 /* ViewControllerBaseProtocol.swift */; };
		4DF13D5D2217EECF009BE812 /* ViewControllerBase.swift in Sources */ = {isa = PBXBuildFile; fileRef = 4DF13D5C2217EECF009BE812 /* ViewControllerBase.swift */; };
		4DF13D62221A1BAB009BE812 /* StandardButton.swift in Sources */ = {isa = PBXBuildFile; fileRef = 4DF13D61221A1BAB009BE812 /* StandardButton.swift */; };
/* End PBXBuildFile section */

/* Begin PBXContainerItemProxy section */
		4D0C4B5B21AEC73D00153E76 /* PBXContainerItemProxy */ = {
			isa = PBXContainerItemProxy;
			containerPortal = 4D0C4B3B21AEC73A00153E76 /* Project object */;
			proxyType = 1;
			remoteGlobalIDString = 4D0C4B4221AEC73A00153E76;
			remoteInfo = SimpleRecipeTimer;
		};
		4D0C4B6621AEC73D00153E76 /* PBXContainerItemProxy */ = {
			isa = PBXContainerItemProxy;
			containerPortal = 4D0C4B3B21AEC73A00153E76 /* Project object */;
			proxyType = 1;
			remoteGlobalIDString = 4D0C4B4221AEC73A00153E76;
			remoteInfo = SimpleRecipeTimer;
		};
		4D9986CB223CA3090049D55C /* PBXContainerItemProxy */ = {
			isa = PBXContainerItemProxy;
			containerPortal = 4D0C4B3B21AEC73A00153E76 /* Project object */;
			proxyType = 1;
			remoteGlobalIDString = 4D9986C8223CA3090049D55C;
			remoteInfo = "EveryTimeW Extension";
		};
/* End PBXContainerItemProxy section */

/* Begin PBXCopyFilesBuildPhase section */
		4D9986E0223CA30A0049D55C /* Embed App Extensions */ = {
			isa = PBXCopyFilesBuildPhase;
			buildActionMask = 2147483647;
			dstPath = "";
			dstSubfolderSpec = 13;
			files = (
				4D9986CA223CA3090049D55C /* EveryTimeW Extension.appex in Embed App Extensions */,
			);
			name = "Embed App Extensions";
			runOnlyForDeploymentPostprocessing = 0;
		};
		4D9986E2223CA30A0049D55C /* Embed Watch Content */ = {
			isa = PBXCopyFilesBuildPhase;
			buildActionMask = 2147483647;
			dstPath = "$(CONTENTS_FOLDER_PATH)/Watch";
			dstSubfolderSpec = 16;
			files = (
			);
			name = "Embed Watch Content";
			runOnlyForDeploymentPostprocessing = 0;
		};
/* End PBXCopyFilesBuildPhase section */

/* Begin PBXFileReference section */
		4D0C4B4321AEC73A00153E76 /* EveryTime.app */ = {isa = PBXFileReference; explicitFileType = wrapper.application; includeInIndex = 0; path = EveryTime.app; sourceTree = BUILT_PRODUCTS_DIR; };
		4D0C4B4621AEC73A00153E76 /* AppDelegate.swift */ = {isa = PBXFileReference; lastKnownFileType = sourcecode.swift; path = AppDelegate.swift; sourceTree = "<group>"; };
		4D0C4B4821AEC73A00153E76 /* MainViewController.swift */ = {isa = PBXFileReference; lastKnownFileType = sourcecode.swift; path = MainViewController.swift; sourceTree = "<group>"; };
		4D0C4B4B21AEC73A00153E76 /* Base */ = {isa = PBXFileReference; lastKnownFileType = file.storyboard; name = Base; path = Base.lproj/Main.storyboard; sourceTree = "<group>"; };
		4D0C4B4E21AEC73A00153E76 /* SimpleRecipeTimer.xcdatamodel */ = {isa = PBXFileReference; lastKnownFileType = wrapper.xcdatamodel; path = SimpleRecipeTimer.xcdatamodel; sourceTree = "<group>"; };
		4D0C4B5021AEC73C00153E76 /* Assets.xcassets */ = {isa = PBXFileReference; lastKnownFileType = folder.assetcatalog; path = Assets.xcassets; sourceTree = "<group>"; };
		4D0C4B5321AEC73C00153E76 /* Base */ = {isa = PBXFileReference; lastKnownFileType = file.storyboard; name = Base; path = Base.lproj/LaunchScreen.storyboard; sourceTree = "<group>"; };
		4D0C4B5521AEC73C00153E76 /* Info.plist */ = {isa = PBXFileReference; lastKnownFileType = text.plist.xml; path = Info.plist; sourceTree = "<group>"; };
		4D0C4B5A21AEC73D00153E76 /* EveryTimeTests.xctest */ = {isa = PBXFileReference; explicitFileType = wrapper.cfbundle; includeInIndex = 0; path = EveryTimeTests.xctest; sourceTree = BUILT_PRODUCTS_DIR; };
		4D0C4B5E21AEC73D00153E76 /* TimeableTests.swift */ = {isa = PBXFileReference; lastKnownFileType = sourcecode.swift; path = TimeableTests.swift; sourceTree = "<group>"; };
		4D0C4B6021AEC73D00153E76 /* Info.plist */ = {isa = PBXFileReference; lastKnownFileType = text.plist.xml; path = Info.plist; sourceTree = "<group>"; };
		4D0C4B6521AEC73D00153E76 /* EveryTimeUITests.xctest */ = {isa = PBXFileReference; explicitFileType = wrapper.cfbundle; includeInIndex = 0; path = EveryTimeUITests.xctest; sourceTree = BUILT_PRODUCTS_DIR; };
		4D0C4B6921AEC73D00153E76 /* TimeableUITests.swift */ = {isa = PBXFileReference; lastKnownFileType = sourcecode.swift; path = TimeableUITests.swift; sourceTree = "<group>"; };
		4D0C4B6B21AEC73D00153E76 /* Info.plist */ = {isa = PBXFileReference; lastKnownFileType = text.plist.xml; path = Info.plist; sourceTree = "<group>"; };
		4D205DB021FE8252008006BD /* StepTableViewCell.swift */ = {isa = PBXFileReference; lastKnownFileType = sourcecode.swift; path = StepTableViewCell.swift; sourceTree = "<group>"; };
		4D53801D223FE1280051DD0F /* Update.md */ = {isa = PBXFileReference; lastKnownFileType = net.daringfireball.markdown; path = Update.md; sourceTree = "<group>"; };
		4D53801F2240B9FA0051DD0F /* SimpleRecipeTimer v2.xcdatamodel */ = {isa = PBXFileReference; lastKnownFileType = wrapper.xcdatamodel; path = "SimpleRecipeTimer v2.xcdatamodel"; sourceTree = "<group>"; };
		4D538022224386D20051DD0F /* AboutMainView.swift */ = {isa = PBXFileReference; lastKnownFileType = sourcecode.swift; path = AboutMainView.swift; sourceTree = "<group>"; };
		4D5380242243CACF0051DD0F /* MainViewView.swift */ = {isa = PBXFileReference; lastKnownFileType = sourcecode.swift; path = MainViewView.swift; sourceTree = "<group>"; };
		4D5380272244BC750051DD0F /* MainViewController+UICollectionView.swift */ = {isa = PBXFileReference; lastKnownFileType = sourcecode.swift; path = "MainViewController+UICollectionView.swift"; sourceTree = "<group>"; };
		4D5380292244C2D70051DD0F /* Extension+UIView.swift */ = {isa = PBXFileReference; lastKnownFileType = sourcecode.swift; path = "Extension+UIView.swift"; sourceTree = "<group>"; };
		4D53802B22458E410051DD0F /* MainViewController+Scroll.swift */ = {isa = PBXFileReference; lastKnownFileType = sourcecode.swift; path = "MainViewController+Scroll.swift"; sourceTree = "<group>"; };
		4D53802D2245909F0051DD0F /* MainViewController+Timer.swift */ = {isa = PBXFileReference; lastKnownFileType = sourcecode.swift; path = "MainViewController+Timer.swift"; sourceTree = "<group>"; };
		4D53C2162203F8C900EED75C /* HorizontalPresentationController.swift */ = {isa = PBXFileReference; lastKnownFileType = sourcecode.swift; path = HorizontalPresentationController.swift; sourceTree = "<group>"; };
		4D53F75A21E2E38100C0AF31 /* CoreDataHelper.swift */ = {isa = PBXFileReference; fileEncoding = 4; lastKnownFileType = sourcecode.swift; path = CoreDataHelper.swift; sourceTree = "<group>"; };
		4D53F7BB21E72B7E00C0AF31 /* RecipeEntity.swift */ = {isa = PBXFileReference; lastKnownFileType = sourcecode.swift; path = RecipeEntity.swift; sourceTree = "<group>"; };
		4D53F7BD21E735CD00C0AF31 /* StepEntity.swift */ = {isa = PBXFileReference; lastKnownFileType = sourcecode.swift; path = StepEntity.swift; sourceTree = "<group>"; };
		4D53F7CB21EC47E700C0AF31 /* ThemeConstants.swift */ = {isa = PBXFileReference; lastKnownFileType = sourcecode.swift; path = ThemeConstants.swift; sourceTree = "<group>"; };
		4D53F7CD21ED6CB200C0AF31 /* NavView.swift */ = {isa = PBXFileReference; lastKnownFileType = sourcecode.swift; path = NavView.swift; sourceTree = "<group>"; };
		4D53F7D421EF0C2400C0AF31 /* OverlayTransitionDelegate.swift */ = {isa = PBXFileReference; lastKnownFileType = sourcecode.swift; path = OverlayTransitionDelegate.swift; sourceTree = "<group>"; };
		4D53F7D721EF0C6500C0AF31 /* ViewControllerOverlayAnimator.swift */ = {isa = PBXFileReference; lastKnownFileType = sourcecode.swift; path = ViewControllerOverlayAnimator.swift; sourceTree = "<group>"; };
		4D53F7D921EF0D7600C0AF31 /* OverlayPresentationController.swift */ = {isa = PBXFileReference; lastKnownFileType = sourcecode.swift; path = OverlayPresentationController.swift; sourceTree = "<group>"; };
		4D53F89B21F1A42100C0AF31 /* OverlayInteractor.swift */ = {isa = PBXFileReference; fileEncoding = 4; lastKnownFileType = sourcecode.swift; path = OverlayInteractor.swift; sourceTree = "<group>"; };
		4D53F89D21F1CBF800C0AF31 /* ShowOverlayAnimator.swift */ = {isa = PBXFileReference; lastKnownFileType = sourcecode.swift; path = ShowOverlayAnimator.swift; sourceTree = "<group>"; };
		4D53F89F21F1CC0800C0AF31 /* DismissOverlayAnimator.swift */ = {isa = PBXFileReference; lastKnownFileType = sourcecode.swift; path = DismissOverlayAnimator.swift; sourceTree = "<group>"; };
		4D53F8A421F36D9100C0AF31 /* ShowHorizontalAnimator.swift */ = {isa = PBXFileReference; lastKnownFileType = sourcecode.swift; path = ShowHorizontalAnimator.swift; sourceTree = "<group>"; };
		4D53F8A621F36DDA00C0AF31 /* HideHorizontalAnimator.swift */ = {isa = PBXFileReference; lastKnownFileType = sourcecode.swift; path = HideHorizontalAnimator.swift; sourceTree = "<group>"; };
		4D53F8A821F36E1B00C0AF31 /* HorizontalTransitionInteractor.swift */ = {isa = PBXFileReference; lastKnownFileType = sourcecode.swift; path = HorizontalTransitionInteractor.swift; sourceTree = "<group>"; };
		4D53F8AA21F36F5500C0AF31 /* HorizontalTransitionDelegate.swift */ = {isa = PBXFileReference; lastKnownFileType = sourcecode.swift; path = HorizontalTransitionDelegate.swift; sourceTree = "<group>"; };
		4D53F8ED21F69D7200C0AF31 /* AddRecipeBaseCell.swift */ = {isa = PBXFileReference; lastKnownFileType = sourcecode.swift; path = AddRecipeBaseCell.swift; sourceTree = "<group>"; };
		4D563C2B220D4ADC0039B07F /* RecipeViewControllerBase.swift */ = {isa = PBXFileReference; lastKnownFileType = sourcecode.swift; path = RecipeViewControllerBase.swift; sourceTree = "<group>"; };
		4D563C2D220D54280039B07F /* RecipeViewControllerWithTableView.swift */ = {isa = PBXFileReference; lastKnownFileType = sourcecode.swift; path = RecipeViewControllerWithTableView.swift; sourceTree = "<group>"; };
		4D563C2F220D7FB70039B07F /* RecipeViewCell.swift */ = {isa = PBXFileReference; lastKnownFileType = sourcecode.swift; path = RecipeViewCell.swift; sourceTree = "<group>"; };
		4D6DFCB72212508E009C3044 /* AboutViewController.swift */ = {isa = PBXFileReference; lastKnownFileType = sourcecode.swift; path = AboutViewController.swift; sourceTree = "<group>"; };
		4D6E35372215435900CBCC23 /* AddRecipeWizardError.swift */ = {isa = PBXFileReference; lastKnownFileType = sourcecode.swift; path = AddRecipeWizardError.swift; sourceTree = "<group>"; };
		4D6E353922154C7C00CBCC23 /* AddRecipeStepOne.swift */ = {isa = PBXFileReference; lastKnownFileType = sourcecode.swift; path = AddRecipeStepOne.swift; sourceTree = "<group>"; };
		4D6E353B22154CE000CBCC23 /* AddRecipeStepTwo.swift */ = {isa = PBXFileReference; lastKnownFileType = sourcecode.swift; path = AddRecipeStepTwo.swift; sourceTree = "<group>"; };
		4D94E5D1223CC6430009F176 /* EveryTime.entitlements */ = {isa = PBXFileReference; lastKnownFileType = text.plist.entitlements; path = EveryTime.entitlements; sourceTree = "<group>"; };
		4D94E5D2223CC6570009F176 /* EveryTimeW.entitlements */ = {isa = PBXFileReference; lastKnownFileType = text.plist.entitlements; path = EveryTimeW.entitlements; sourceTree = "<group>"; };
		4D94E5D4223E74DA0009F176 /* LocalNotificationsService.swift */ = {isa = PBXFileReference; lastKnownFileType = sourcecode.swift; path = LocalNotificationsService.swift; sourceTree = "<group>"; };
		4D9986BD223CA3080049D55C /* EveryTimeW.app */ = {isa = PBXFileReference; explicitFileType = wrapper.application; includeInIndex = 0; path = EveryTimeW.app; sourceTree = BUILT_PRODUCTS_DIR; };
		4D9986C0223CA3080049D55C /* Base */ = {isa = PBXFileReference; lastKnownFileType = file.storyboard; name = Base; path = Base.lproj/Interface.storyboard; sourceTree = "<group>"; };
		4D9986C2223CA3090049D55C /* Assets.xcassets */ = {isa = PBXFileReference; lastKnownFileType = folder.assetcatalog; path = Assets.xcassets; sourceTree = "<group>"; };
		4D9986C4223CA3090049D55C /* Info.plist */ = {isa = PBXFileReference; lastKnownFileType = text.plist.xml; path = Info.plist; sourceTree = "<group>"; };
		4D9986C9223CA3090049D55C /* EveryTimeW Extension.appex */ = {isa = PBXFileReference; explicitFileType = "wrapper.app-extension"; includeInIndex = 0; path = "EveryTimeW Extension.appex"; sourceTree = BUILT_PRODUCTS_DIR; };
		4D9986CE223CA3090049D55C /* InterfaceController.swift */ = {isa = PBXFileReference; lastKnownFileType = sourcecode.swift; path = InterfaceController.swift; sourceTree = "<group>"; };
		4D9986D0223CA3090049D55C /* ExtensionDelegate.swift */ = {isa = PBXFileReference; lastKnownFileType = sourcecode.swift; path = ExtensionDelegate.swift; sourceTree = "<group>"; };
		4D9986D2223CA3090049D55C /* NotificationController.swift */ = {isa = PBXFileReference; lastKnownFileType = sourcecode.swift; path = NotificationController.swift; sourceTree = "<group>"; };
		4D9986D4223CA30A0049D55C /* Assets.xcassets */ = {isa = PBXFileReference; lastKnownFileType = folder.assetcatalog; path = Assets.xcassets; sourceTree = "<group>"; };
		4D9986D6223CA30A0049D55C /* Info.plist */ = {isa = PBXFileReference; lastKnownFileType = text.plist.xml; path = Info.plist; sourceTree = "<group>"; };
		4D9986D7223CA30A0049D55C /* PushNotificationPayload.apns */ = {isa = PBXFileReference; lastKnownFileType = text; path = PushNotificationPayload.apns; sourceTree = "<group>"; };
		4DA12F6E21B181460049CD75 /* StepsProtocol.swift */ = {isa = PBXFileReference; lastKnownFileType = sourcecode.swift; path = StepsProtocol.swift; sourceTree = "<group>"; };
		4DA12F7221B2D3DD0049CD75 /* EntityBaseCell.swift */ = {isa = PBXFileReference; lastKnownFileType = sourcecode.swift; path = EntityBaseCell.swift; sourceTree = "<group>"; };
		4DA12F7521B358AB0049CD75 /* MainViewCell.swift */ = {isa = PBXFileReference; lastKnownFileType = sourcecode.swift; path = MainViewCell.swift; sourceTree = "<group>"; };
		4DA12F7921B606A20049CD75 /* AddStepViewController.swift */ = {isa = PBXFileReference; lastKnownFileType = sourcecode.swift; path = AddStepViewController.swift; sourceTree = "<group>"; };
		4DA12F7C21B611AF0049CD75 /* Extensions.swift */ = {isa = PBXFileReference; lastKnownFileType = sourcecode.swift; path = Extensions.swift; sourceTree = "<group>"; };
		4DA12F8621B8A3A20049CD75 /* Protocols.swift */ = {isa = PBXFileReference; lastKnownFileType = sourcecode.swift; path = Protocols.swift; sourceTree = "<group>"; };
		4DDA39C721D9D14A00D4773A /* AddRecipeViewController.swift */ = {isa = PBXFileReference; lastKnownFileType = sourcecode.swift; path = AddRecipeViewController.swift; sourceTree = "<group>"; };
		4DF13D5A2217EE08009BE812 /* ViewControllerBaseProtocol.swift */ = {isa = PBXFileReference; lastKnownFileType = sourcecode.swift; path = ViewControllerBaseProtocol.swift; sourceTree = "<group>"; };
		4DF13D5C2217EECF009BE812 /* ViewControllerBase.swift */ = {isa = PBXFileReference; lastKnownFileType = sourcecode.swift; path = ViewControllerBase.swift; sourceTree = "<group>"; };
		4DF13D61221A1BAB009BE812 /* StandardButton.swift */ = {isa = PBXFileReference; lastKnownFileType = sourcecode.swift; path = StandardButton.swift; sourceTree = "<group>"; };
/* End PBXFileReference section */

/* Begin PBXFrameworksBuildPhase section */
		4D0C4B4021AEC73A00153E76 /* Frameworks */ = {
			isa = PBXFrameworksBuildPhase;
			buildActionMask = 2147483647;
			files = (
			);
			runOnlyForDeploymentPostprocessing = 0;
		};
		4D0C4B5721AEC73D00153E76 /* Frameworks */ = {
			isa = PBXFrameworksBuildPhase;
			buildActionMask = 2147483647;
			files = (
			);
			runOnlyForDeploymentPostprocessing = 0;
		};
		4D0C4B6221AEC73D00153E76 /* Frameworks */ = {
			isa = PBXFrameworksBuildPhase;
			buildActionMask = 2147483647;
			files = (
			);
			runOnlyForDeploymentPostprocessing = 0;
		};
		4D9986C6223CA3090049D55C /* Frameworks */ = {
			isa = PBXFrameworksBuildPhase;
			buildActionMask = 2147483647;
			files = (
			);
			runOnlyForDeploymentPostprocessing = 0;
		};
/* End PBXFrameworksBuildPhase section */

/* Begin PBXGroup section */
		4D0C4B3A21AEC73A00153E76 = {
			isa = PBXGroup;
			children = (
				4D53801D223FE1280051DD0F /* Update.md */,
				4D0C4B4521AEC73A00153E76 /* EveryTime */,
				4D0C4B5D21AEC73D00153E76 /* TimeableTests */,
				4D0C4B6821AEC73D00153E76 /* TimeableUITests */,
				4D9986BE223CA3080049D55C /* EveryTimeW */,
				4D9986CD223CA3090049D55C /* EveryTimeW Extension */,
				4D0C4B4421AEC73A00153E76 /* Products */,
			);
			sourceTree = "<group>";
		};
		4D0C4B4421AEC73A00153E76 /* Products */ = {
			isa = PBXGroup;
			children = (
				4D0C4B4321AEC73A00153E76 /* EveryTime.app */,
				4D0C4B5A21AEC73D00153E76 /* EveryTimeTests.xctest */,
				4D0C4B6521AEC73D00153E76 /* EveryTimeUITests.xctest */,
				4D9986BD223CA3080049D55C /* EveryTimeW.app */,
				4D9986C9223CA3090049D55C /* EveryTimeW Extension.appex */,
			);
			name = Products;
			sourceTree = "<group>";
		};
		4D0C4B4521AEC73A00153E76 /* EveryTime */ = {
			isa = PBXGroup;
			children = (
				4D94E5D3223E74C10009F176 /* Notifications */,
				4D94E5D1223CC6430009F176 /* EveryTime.entitlements */,
				4D0C4B4621AEC73A00153E76 /* AppDelegate.swift */,
				4DA12F7B21B611A10049CD75 /* Extensions */,
				4DA12F6921B108690049CD75 /* Controller */,
				4D0C4B7921AFEE2000153E76 /* Model */,
				4DA12F7421B352440049CD75 /* View */,
				4D0C4B4A21AEC73A00153E76 /* Main.storyboard */,
				4D0C4B5021AEC73C00153E76 /* Assets.xcassets */,
				4D0C4B5221AEC73C00153E76 /* LaunchScreen.storyboard */,
				4D0C4B5521AEC73C00153E76 /* Info.plist */,
				4D0C4B4D21AEC73A00153E76 /* SimpleRecipeTimer.xcdatamodeld */,
			);
			path = EveryTime;
			sourceTree = "<group>";
		};
		4D0C4B5D21AEC73D00153E76 /* TimeableTests */ = {
			isa = PBXGroup;
			children = (
				4D0C4B5E21AEC73D00153E76 /* TimeableTests.swift */,
				4D0C4B6021AEC73D00153E76 /* Info.plist */,
			);
			path = TimeableTests;
			sourceTree = "<group>";
		};
		4D0C4B6821AEC73D00153E76 /* TimeableUITests */ = {
			isa = PBXGroup;
			children = (
				4D0C4B6921AEC73D00153E76 /* TimeableUITests.swift */,
				4D0C4B6B21AEC73D00153E76 /* Info.plist */,
			);
			path = TimeableUITests;
			sourceTree = "<group>";
		};
		4D0C4B7921AFEE2000153E76 /* Model */ = {
			isa = PBXGroup;
			children = (
				4D53F75A21E2E38100C0AF31 /* CoreDataHelper.swift */,
				4DA12F6E21B181460049CD75 /* StepsProtocol.swift */,
				4D53F7BB21E72B7E00C0AF31 /* RecipeEntity.swift */,
				4D53F7BD21E735CD00C0AF31 /* StepEntity.swift */,
			);
			path = Model;
			sourceTree = "<group>";
		};
		4D205DB221FE82B5008006BD /* AddRecipe */ = {
			isa = PBXGroup;
			children = (
				4D6E353522153D5500CBCC23 /* AddRecipeWizardCells */,
				4D53F8ED21F69D7200C0AF31 /* AddRecipeBaseCell.swift */,
				4D205DB021FE8252008006BD /* StepTableViewCell.swift */,
			);
			path = AddRecipe;
			sourceTree = "<group>";
		};
		4D205DB3220122AA008006BD /* MainView */ = {
			isa = PBXGroup;
			children = (
				4DA12F7521B358AB0049CD75 /* MainViewCell.swift */,
				4D5380242243CACF0051DD0F /* MainViewView.swift */,
			);
			path = MainView;
			sourceTree = "<group>";
		};
		4D3E24C4221E688600B0D621 /* AddStep */ = {
			isa = PBXGroup;
			children = (
				4DA12F7921B606A20049CD75 /* AddStepViewController.swift */,
			);
			path = AddStep;
			sourceTree = "<group>";
		};
		4D5380202241FB120051DD0F /* Add  */ = {
			isa = PBXGroup;
			children = (
			);
			path = "Add ";
			sourceTree = "<group>";
		};
		4D538021224386BB0051DD0F /* About View */ = {
			isa = PBXGroup;
			children = (
				4D538022224386D20051DD0F /* AboutMainView.swift */,
			);
			path = "About View";
			sourceTree = "<group>";
		};
		4D5380262244BBE90051DD0F /* MainView */ = {
			isa = PBXGroup;
			children = (
				4D0C4B4821AEC73A00153E76 /* MainViewController.swift */,
				4D53802D2245909F0051DD0F /* MainViewController+Timer.swift */,
				4D5380272244BC750051DD0F /* MainViewController+UICollectionView.swift */,
				4D53802B22458E410051DD0F /* MainViewController+Scroll.swift */,
			);
			path = MainView;
			sourceTree = "<group>";
		};
		4D53C21822065FE300EED75C /* Theming */ = {
			isa = PBXGroup;
			children = (
				4D53F7CB21EC47E700C0AF31 /* ThemeConstants.swift */,
			);
			path = Theming;
			sourceTree = "<group>";
		};
		4D53F7D621EF0C2900C0AF31 /* Animations */ = {
			isa = PBXGroup;
			children = (
				4D53F8EF21F6A7B800C0AF31 /* OverlayTransition */,
				4D53F8A321F36D6F00C0AF31 /* HorizontalTransition */,
			);
			path = Animations;
			sourceTree = "<group>";
		};
		4D53F8A321F36D6F00C0AF31 /* HorizontalTransition */ = {
			isa = PBXGroup;
			children = (
				4D53F8A421F36D9100C0AF31 /* ShowHorizontalAnimator.swift */,
				4D53F8A621F36DDA00C0AF31 /* HideHorizontalAnimator.swift */,
				4D53F8A821F36E1B00C0AF31 /* HorizontalTransitionInteractor.swift */,
				4D53F8AA21F36F5500C0AF31 /* HorizontalTransitionDelegate.swift */,
				4D53C2162203F8C900EED75C /* HorizontalPresentationController.swift */,
			);
			path = HorizontalTransition;
			sourceTree = "<group>";
		};
		4D53F8EF21F6A7B800C0AF31 /* OverlayTransition */ = {
			isa = PBXGroup;
			children = (
				4D53F89B21F1A42100C0AF31 /* OverlayInteractor.swift */,
				4D53F7D721EF0C6500C0AF31 /* ViewControllerOverlayAnimator.swift */,
				4D53F89D21F1CBF800C0AF31 /* ShowOverlayAnimator.swift */,
				4D53F89F21F1CC0800C0AF31 /* DismissOverlayAnimator.swift */,
				4D53F7D421EF0C2400C0AF31 /* OverlayTransitionDelegate.swift */,
				4D53F7D921EF0D7600C0AF31 /* OverlayPresentationController.swift */,
			);
			path = OverlayTransition;
			sourceTree = "<group>";
		};
		4D563C29220C449E0039B07F /* RecipeView */ = {
			isa = PBXGroup;
			children = (
				4D563C2F220D7FB70039B07F /* RecipeViewCell.swift */,
			);
			path = RecipeView;
			sourceTree = "<group>";
		};
		4D563C2A220D4A550039B07F /* RecipeViewController */ = {
			isa = PBXGroup;
			children = (
				4D563C2B220D4ADC0039B07F /* RecipeViewControllerBase.swift */,
				4D563C2D220D54280039B07F /* RecipeViewControllerWithTableView.swift */,
			);
			path = RecipeViewController;
			sourceTree = "<group>";
		};
		4D6E353522153D5500CBCC23 /* AddRecipeWizardCells */ = {
			isa = PBXGroup;
			children = (
				4D6E353922154C7C00CBCC23 /* AddRecipeStepOne.swift */,
				4D6E353B22154CE000CBCC23 /* AddRecipeStepTwo.swift */,
			);
			path = AddRecipeWizardCells;
			sourceTree = "<group>";
		};
		4D6E35362215434600CBCC23 /* Error */ = {
			isa = PBXGroup;
			children = (
				4D6E35372215435900CBCC23 /* AddRecipeWizardError.swift */,
			);
			path = Error;
			sourceTree = "<group>";
		};
		4D94E5D3223E74C10009F176 /* Notifications */ = {
			isa = PBXGroup;
			children = (
				4D94E5D4223E74DA0009F176 /* LocalNotificationsService.swift */,
			);
			path = Notifications;
			sourceTree = "<group>";
		};
		4D9986BE223CA3080049D55C /* EveryTimeW */ = {
			isa = PBXGroup;
			children = (
				4D94E5D2223CC6570009F176 /* EveryTimeW.entitlements */,
				4D9986BF223CA3080049D55C /* Interface.storyboard */,
				4D9986C2223CA3090049D55C /* Assets.xcassets */,
				4D9986C4223CA3090049D55C /* Info.plist */,
			);
			path = EveryTimeW;
			sourceTree = "<group>";
		};
		4D9986CD223CA3090049D55C /* EveryTimeW Extension */ = {
			isa = PBXGroup;
			children = (
				4D9986CE223CA3090049D55C /* InterfaceController.swift */,
				4D9986D0223CA3090049D55C /* ExtensionDelegate.swift */,
				4D9986D2223CA3090049D55C /* NotificationController.swift */,
				4D9986D4223CA30A0049D55C /* Assets.xcassets */,
				4D9986D6223CA30A0049D55C /* Info.plist */,
				4D9986D7223CA30A0049D55C /* PushNotificationPayload.apns */,
			);
			path = "EveryTimeW Extension";
			sourceTree = "<group>";
		};
		4DA12F6921B108690049CD75 /* Controller */ = {
			isa = PBXGroup;
			children = (
				4D6DFCB72212508E009C3044 /* AboutViewController.swift */,
				4DF13D5C2217EECF009BE812 /* ViewControllerBase.swift */,
				4D5380262244BBE90051DD0F /* MainView */,
				4D3E24C4221E688600B0D621 /* AddStep */,
				4DF13D5E221A153C009BE812 /* AddingRecipe */,
				4D563C2A220D4A550039B07F /* RecipeViewController */,
				4D53F7D621EF0C2900C0AF31 /* Animations */,
				4DA12F8521B8A30C0049CD75 /* Protocols */,
			);
			path = Controller;
			sourceTree = "<group>";
		};
		4DA12F7421B352440049CD75 /* View */ = {
			isa = PBXGroup;
			children = (
				4D538021224386BB0051DD0F /* About View */,
				4DA12F7221B2D3DD0049CD75 /* EntityBaseCell.swift */,
				4D53F7CD21ED6CB200C0AF31 /* NavView.swift */,
				4D5380202241FB120051DD0F /* Add  */,
				4DF13D60221A1B9B009BE812 /* Button */,
				4D6E35362215434600CBCC23 /* Error */,
				4D205DB221FE82B5008006BD /* AddRecipe */,
				4D205DB3220122AA008006BD /* MainView */,
				4D563C29220C449E0039B07F /* RecipeView */,
				4D53C21822065FE300EED75C /* Theming */,
			);
			path = View;
			sourceTree = "<group>";
		};
		4DA12F7B21B611A10049CD75 /* Extensions */ = {
			isa = PBXGroup;
			children = (
				4DA12F7C21B611AF0049CD75 /* Extensions.swift */,
				4D5380292244C2D70051DD0F /* Extension+UIView.swift */,
			);
			path = Extensions;
			sourceTree = "<group>";
		};
		4DA12F8521B8A30C0049CD75 /* Protocols */ = {
			isa = PBXGroup;
			children = (
				4DF13D5A2217EE08009BE812 /* ViewControllerBaseProtocol.swift */,
				4DA12F8621B8A3A20049CD75 /* Protocols.swift */,
			);
			path = Protocols;
			sourceTree = "<group>";
		};
		4DF13D5E221A153C009BE812 /* AddingRecipe */ = {
			isa = PBXGroup;
			children = (
				4DDA39C721D9D14A00D4773A /* AddRecipeViewController.swift */,
			);
			path = AddingRecipe;
			sourceTree = "<group>";
		};
		4DF13D60221A1B9B009BE812 /* Button */ = {
			isa = PBXGroup;
			children = (
				4DF13D61221A1BAB009BE812 /* StandardButton.swift */,
			);
			path = Button;
			sourceTree = "<group>";
		};
/* End PBXGroup section */

/* Begin PBXNativeTarget section */
		4D0C4B4221AEC73A00153E76 /* EveryTime */ = {
			isa = PBXNativeTarget;
			buildConfigurationList = 4D0C4B6E21AEC73D00153E76 /* Build configuration list for PBXNativeTarget "EveryTime" */;
			buildPhases = (
				4D0C4B3F21AEC73A00153E76 /* Sources */,
				4D0C4B4021AEC73A00153E76 /* Frameworks */,
				4D0C4B4121AEC73A00153E76 /* Resources */,
				4D9986E2223CA30A0049D55C /* Embed Watch Content */,
			);
			buildRules = (
			);
			dependencies = (
			);
			name = EveryTime;
			productName = SimpleRecipeTimer;
			productReference = 4D0C4B4321AEC73A00153E76 /* EveryTime.app */;
			productType = "com.apple.product-type.application";
		};
		4D0C4B5921AEC73D00153E76 /* EveryTimeTests */ = {
			isa = PBXNativeTarget;
			buildConfigurationList = 4D0C4B7121AEC73D00153E76 /* Build configuration list for PBXNativeTarget "EveryTimeTests" */;
			buildPhases = (
				4D0C4B5621AEC73D00153E76 /* Sources */,
				4D0C4B5721AEC73D00153E76 /* Frameworks */,
				4D0C4B5821AEC73D00153E76 /* Resources */,
			);
			buildRules = (
			);
			dependencies = (
				4D0C4B5C21AEC73D00153E76 /* PBXTargetDependency */,
			);
			name = EveryTimeTests;
			productName = SimpleRecipeTimerTests;
			productReference = 4D0C4B5A21AEC73D00153E76 /* EveryTimeTests.xctest */;
			productType = "com.apple.product-type.bundle.unit-test";
		};
		4D0C4B6421AEC73D00153E76 /* EveryTimeUITests */ = {
			isa = PBXNativeTarget;
			buildConfigurationList = 4D0C4B7421AEC73D00153E76 /* Build configuration list for PBXNativeTarget "EveryTimeUITests" */;
			buildPhases = (
				4D0C4B6121AEC73D00153E76 /* Sources */,
				4D0C4B6221AEC73D00153E76 /* Frameworks */,
				4D0C4B6321AEC73D00153E76 /* Resources */,
			);
			buildRules = (
			);
			dependencies = (
				4D0C4B6721AEC73D00153E76 /* PBXTargetDependency */,
			);
			name = EveryTimeUITests;
			productName = SimpleRecipeTimerUITests;
			productReference = 4D0C4B6521AEC73D00153E76 /* EveryTimeUITests.xctest */;
			productType = "com.apple.product-type.bundle.ui-testing";
		};
		4D9986BC223CA3080049D55C /* EveryTimeW */ = {
			isa = PBXNativeTarget;
			buildConfigurationList = 4D9986E1223CA30A0049D55C /* Build configuration list for PBXNativeTarget "EveryTimeW" */;
			buildPhases = (
				4D9986BB223CA3080049D55C /* Resources */,
				4D9986E0223CA30A0049D55C /* Embed App Extensions */,
			);
			buildRules = (
			);
			dependencies = (
				4D9986CC223CA3090049D55C /* PBXTargetDependency */,
			);
			name = EveryTimeW;
			productName = EveryTimeW;
			productReference = 4D9986BD223CA3080049D55C /* EveryTimeW.app */;
			productType = "com.apple.product-type.application.watchapp2";
		};
		4D9986C8223CA3090049D55C /* EveryTimeW Extension */ = {
			isa = PBXNativeTarget;
			buildConfigurationList = 4D9986DF223CA30A0049D55C /* Build configuration list for PBXNativeTarget "EveryTimeW Extension" */;
			buildPhases = (
				4D9986C5223CA3090049D55C /* Sources */,
				4D9986C6223CA3090049D55C /* Frameworks */,
				4D9986C7223CA3090049D55C /* Resources */,
			);
			buildRules = (
			);
			dependencies = (
			);
			name = "EveryTimeW Extension";
			productName = "EveryTimeW Extension";
			productReference = 4D9986C9223CA3090049D55C /* EveryTimeW Extension.appex */;
			productType = "com.apple.product-type.watchkit2-extension";
		};
/* End PBXNativeTarget section */

/* Begin PBXProject section */
		4D0C4B3B21AEC73A00153E76 /* Project object */ = {
			isa = PBXProject;
			attributes = {
				LastSwiftUpdateCheck = 1010;
				LastUpgradeCheck = 1010;
				ORGANIZATIONNAME = "Mark Wong";
				TargetAttributes = {
					4D0C4B4221AEC73A00153E76 = {
						CreatedOnToolsVersion = 10.1;
						SystemCapabilities = {
							com.apple.ApplicationGroups.iOS = {
								enabled = 1;
							};
						};
					};
					4D0C4B5921AEC73D00153E76 = {
						CreatedOnToolsVersion = 10.1;
						TestTargetID = 4D0C4B4221AEC73A00153E76;
					};
					4D0C4B6421AEC73D00153E76 = {
						CreatedOnToolsVersion = 10.1;
						TestTargetID = 4D0C4B4221AEC73A00153E76;
					};
					4D9986BC223CA3080049D55C = {
						CreatedOnToolsVersion = 10.1;
						SystemCapabilities = {
							com.apple.ApplicationGroups.iOS = {
								enabled = 1;
							};
						};
					};
					4D9986C8223CA3090049D55C = {
						CreatedOnToolsVersion = 10.1;
					};
				};
			};
			buildConfigurationList = 4D0C4B3E21AEC73A00153E76 /* Build configuration list for PBXProject "EveryTime" */;
			compatibilityVersion = "Xcode 9.3";
			developmentRegion = en;
			hasScannedForEncodings = 0;
			knownRegions = (
				en,
				Base,
			);
			mainGroup = 4D0C4B3A21AEC73A00153E76;
			productRefGroup = 4D0C4B4421AEC73A00153E76 /* Products */;
			projectDirPath = "";
			projectRoot = "";
			targets = (
				4D0C4B4221AEC73A00153E76 /* EveryTime */,
				4D0C4B5921AEC73D00153E76 /* EveryTimeTests */,
				4D0C4B6421AEC73D00153E76 /* EveryTimeUITests */,
				4D9986BC223CA3080049D55C /* EveryTimeW */,
				4D9986C8223CA3090049D55C /* EveryTimeW Extension */,
			);
		};
/* End PBXProject section */

/* Begin PBXResourcesBuildPhase section */
		4D0C4B4121AEC73A00153E76 /* Resources */ = {
			isa = PBXResourcesBuildPhase;
			buildActionMask = 2147483647;
			files = (
				4D0C4B5421AEC73C00153E76 /* LaunchScreen.storyboard in Resources */,
				4D0C4B5121AEC73C00153E76 /* Assets.xcassets in Resources */,
				4D53801E223FE1280051DD0F /* Update.md in Resources */,
				4D0C4B4C21AEC73A00153E76 /* Main.storyboard in Resources */,
			);
			runOnlyForDeploymentPostprocessing = 0;
		};
		4D0C4B5821AEC73D00153E76 /* Resources */ = {
			isa = PBXResourcesBuildPhase;
			buildActionMask = 2147483647;
			files = (
			);
			runOnlyForDeploymentPostprocessing = 0;
		};
		4D0C4B6321AEC73D00153E76 /* Resources */ = {
			isa = PBXResourcesBuildPhase;
			buildActionMask = 2147483647;
			files = (
			);
			runOnlyForDeploymentPostprocessing = 0;
		};
		4D9986BB223CA3080049D55C /* Resources */ = {
			isa = PBXResourcesBuildPhase;
			buildActionMask = 2147483647;
			files = (
				4D9986C3223CA3090049D55C /* Assets.xcassets in Resources */,
				4D9986C1223CA3080049D55C /* Interface.storyboard in Resources */,
			);
			runOnlyForDeploymentPostprocessing = 0;
		};
		4D9986C7223CA3090049D55C /* Resources */ = {
			isa = PBXResourcesBuildPhase;
			buildActionMask = 2147483647;
			files = (
				4D9986D5223CA30A0049D55C /* Assets.xcassets in Resources */,
			);
			runOnlyForDeploymentPostprocessing = 0;
		};
/* End PBXResourcesBuildPhase section */

/* Begin PBXSourcesBuildPhase section */
		4D0C4B3F21AEC73A00153E76 /* Sources */ = {
			isa = PBXSourcesBuildPhase;
			buildActionMask = 2147483647;
			files = (
				4D53F7DA21EF0D7700C0AF31 /* OverlayPresentationController.swift in Sources */,
				4D53C2172203F8C900EED75C /* HorizontalPresentationController.swift in Sources */,
				4D5380282244BC750051DD0F /* MainViewController+UICollectionView.swift in Sources */,
				4DDA39C821D9D14A00D4773A /* AddRecipeViewController.swift in Sources */,
				4D53F8EE21F69D7200C0AF31 /* AddRecipeBaseCell.swift in Sources */,
				4D6E353A22154C7C00CBCC23 /* AddRecipeStepOne.swift in Sources */,
				4DF13D5B2217EE08009BE812 /* ViewControllerBaseProtocol.swift in Sources */,
				4D53F8A921F36E1B00C0AF31 /* HorizontalTransitionInteractor.swift in Sources */,
				4DF13D62221A1BAB009BE812 /* StandardButton.swift in Sources */,
				4D53F89E21F1CBF800C0AF31 /* ShowOverlayAnimator.swift in Sources */,
				4D53F8A021F1CC0800C0AF31 /* DismissOverlayAnimator.swift in Sources */,
				4D205DB121FE8252008006BD /* StepTableViewCell.swift in Sources */,
				4D0C4B4921AEC73A00153E76 /* MainViewController.swift in Sources */,
				4D5380252243CACF0051DD0F /* MainViewView.swift in Sources */,
				4D563C2E220D54280039B07F /* RecipeViewControllerWithTableView.swift in Sources */,
				4D53802E2245909F0051DD0F /* MainViewController+Timer.swift in Sources */,
				4DA12F7A21B606A20049CD75 /* AddStepViewController.swift in Sources */,
				4D53802C22458E410051DD0F /* MainViewController+Scroll.swift in Sources */,
				4D53F7CE21ED6CB200C0AF31 /* NavView.swift in Sources */,
				4D6E353C22154CE000CBCC23 /* AddRecipeStepTwo.swift in Sources */,
				4D53F8AB21F36F5500C0AF31 /* HorizontalTransitionDelegate.swift in Sources */,
				4D94E5D5223E74DA0009F176 /* LocalNotificationsService.swift in Sources */,
				4D0C4B4F21AEC73A00153E76 /* SimpleRecipeTimer.xcdatamodeld in Sources */,
				4DA12F7621B358AB0049CD75 /* MainViewCell.swift in Sources */,
				4D53F89C21F1A42200C0AF31 /* OverlayInteractor.swift in Sources */,
				4D53F7BE21E735CD00C0AF31 /* StepEntity.swift in Sources */,
				4D0C4B4721AEC73A00153E76 /* AppDelegate.swift in Sources */,
				4D53F7D821EF0C6500C0AF31 /* ViewControllerOverlayAnimator.swift in Sources */,
				4D53802A2244C2D70051DD0F /* Extension+UIView.swift in Sources */,
				4D6E35382215435900CBCC23 /* AddRecipeWizardError.swift in Sources */,
				4D53F7D521EF0C2400C0AF31 /* OverlayTransitionDelegate.swift in Sources */,
				4D53F75B21E2E38100C0AF31 /* CoreDataHelper.swift in Sources */,
				4D53F8A721F36DDA00C0AF31 /* HideHorizontalAnimator.swift in Sources */,
				4DA12F7321B2D3DD0049CD75 /* EntityBaseCell.swift in Sources */,
				4D538023224386D20051DD0F /* AboutMainView.swift in Sources */,
				4DA12F6F21B181460049CD75 /* StepsProtocol.swift in Sources */,
				4D563C2C220D4ADC0039B07F /* RecipeViewControllerBase.swift in Sources */,
				4D53F8A521F36D9100C0AF31 /* ShowHorizontalAnimator.swift in Sources */,
				4DA12F8721B8A3A20049CD75 /* Protocols.swift in Sources */,
				4DF13D5D2217EECF009BE812 /* ViewControllerBase.swift in Sources */,
				4D53F7BC21E72B7E00C0AF31 /* RecipeEntity.swift in Sources */,
				4D563C30220D7FB70039B07F /* RecipeViewCell.swift in Sources */,
				4D6DFCB82212508E009C3044 /* AboutViewController.swift in Sources */,
				4DA12F7D21B611AF0049CD75 /* Extensions.swift in Sources */,
				4D53F7CC21EC47E700C0AF31 /* ThemeConstants.swift in Sources */,
			);
			runOnlyForDeploymentPostprocessing = 0;
		};
		4D0C4B5621AEC73D00153E76 /* Sources */ = {
			isa = PBXSourcesBuildPhase;
			buildActionMask = 2147483647;
			files = (
				4D0C4B5F21AEC73D00153E76 /* TimeableTests.swift in Sources */,
			);
			runOnlyForDeploymentPostprocessing = 0;
		};
		4D0C4B6121AEC73D00153E76 /* Sources */ = {
			isa = PBXSourcesBuildPhase;
			buildActionMask = 2147483647;
			files = (
				4D0C4B6A21AEC73D00153E76 /* TimeableUITests.swift in Sources */,
			);
			runOnlyForDeploymentPostprocessing = 0;
		};
		4D9986C5223CA3090049D55C /* Sources */ = {
			isa = PBXSourcesBuildPhase;
			buildActionMask = 2147483647;
			files = (
				4D9986D3223CA3090049D55C /* NotificationController.swift in Sources */,
				4D9986D1223CA3090049D55C /* ExtensionDelegate.swift in Sources */,
				4D9986CF223CA3090049D55C /* InterfaceController.swift in Sources */,
			);
			runOnlyForDeploymentPostprocessing = 0;
		};
/* End PBXSourcesBuildPhase section */

/* Begin PBXTargetDependency section */
		4D0C4B5C21AEC73D00153E76 /* PBXTargetDependency */ = {
			isa = PBXTargetDependency;
			target = 4D0C4B4221AEC73A00153E76 /* EveryTime */;
			targetProxy = 4D0C4B5B21AEC73D00153E76 /* PBXContainerItemProxy */;
		};
		4D0C4B6721AEC73D00153E76 /* PBXTargetDependency */ = {
			isa = PBXTargetDependency;
			target = 4D0C4B4221AEC73A00153E76 /* EveryTime */;
			targetProxy = 4D0C4B6621AEC73D00153E76 /* PBXContainerItemProxy */;
		};
		4D9986CC223CA3090049D55C /* PBXTargetDependency */ = {
			isa = PBXTargetDependency;
			target = 4D9986C8223CA3090049D55C /* EveryTimeW Extension */;
			targetProxy = 4D9986CB223CA3090049D55C /* PBXContainerItemProxy */;
		};
/* End PBXTargetDependency section */

/* Begin PBXVariantGroup section */
		4D0C4B4A21AEC73A00153E76 /* Main.storyboard */ = {
			isa = PBXVariantGroup;
			children = (
				4D0C4B4B21AEC73A00153E76 /* Base */,
			);
			name = Main.storyboard;
			sourceTree = "<group>";
		};
		4D0C4B5221AEC73C00153E76 /* LaunchScreen.storyboard */ = {
			isa = PBXVariantGroup;
			children = (
				4D0C4B5321AEC73C00153E76 /* Base */,
			);
			name = LaunchScreen.storyboard;
			sourceTree = "<group>";
		};
		4D9986BF223CA3080049D55C /* Interface.storyboard */ = {
			isa = PBXVariantGroup;
			children = (
				4D9986C0223CA3080049D55C /* Base */,
			);
			name = Interface.storyboard;
			sourceTree = "<group>";
		};
/* End PBXVariantGroup section */

/* Begin XCBuildConfiguration section */
		4D0C4B6C21AEC73D00153E76 /* Debug */ = {
			isa = XCBuildConfiguration;
			buildSettings = {
				ALWAYS_SEARCH_USER_PATHS = NO;
				CLANG_ANALYZER_NONNULL = YES;
				CLANG_ANALYZER_NUMBER_OBJECT_CONVERSION = YES_AGGRESSIVE;
				CLANG_CXX_LANGUAGE_STANDARD = "gnu++14";
				CLANG_CXX_LIBRARY = "libc++";
				CLANG_ENABLE_MODULES = YES;
				CLANG_ENABLE_OBJC_ARC = YES;
				CLANG_ENABLE_OBJC_WEAK = YES;
				CLANG_WARN_BLOCK_CAPTURE_AUTORELEASING = YES;
				CLANG_WARN_BOOL_CONVERSION = YES;
				CLANG_WARN_COMMA = YES;
				CLANG_WARN_CONSTANT_CONVERSION = YES;
				CLANG_WARN_DEPRECATED_OBJC_IMPLEMENTATIONS = YES;
				CLANG_WARN_DIRECT_OBJC_ISA_USAGE = YES_ERROR;
				CLANG_WARN_DOCUMENTATION_COMMENTS = YES;
				CLANG_WARN_EMPTY_BODY = YES;
				CLANG_WARN_ENUM_CONVERSION = YES;
				CLANG_WARN_INFINITE_RECURSION = YES;
				CLANG_WARN_INT_CONVERSION = YES;
				CLANG_WARN_NON_LITERAL_NULL_CONVERSION = YES;
				CLANG_WARN_OBJC_IMPLICIT_RETAIN_SELF = YES;
				CLANG_WARN_OBJC_LITERAL_CONVERSION = YES;
				CLANG_WARN_OBJC_ROOT_CLASS = YES_ERROR;
				CLANG_WARN_RANGE_LOOP_ANALYSIS = YES;
				CLANG_WARN_STRICT_PROTOTYPES = YES;
				CLANG_WARN_SUSPICIOUS_MOVE = YES;
				CLANG_WARN_UNGUARDED_AVAILABILITY = YES_AGGRESSIVE;
				CLANG_WARN_UNREACHABLE_CODE = YES;
				CLANG_WARN__DUPLICATE_METHOD_MATCH = YES;
				CODE_SIGN_IDENTITY = "iPhone Developer";
				COPY_PHASE_STRIP = NO;
				DEBUG_INFORMATION_FORMAT = dwarf;
				ENABLE_STRICT_OBJC_MSGSEND = YES;
				ENABLE_TESTABILITY = YES;
				GCC_C_LANGUAGE_STANDARD = gnu11;
				GCC_DYNAMIC_NO_PIC = NO;
				GCC_NO_COMMON_BLOCKS = YES;
				GCC_OPTIMIZATION_LEVEL = 0;
				GCC_PREPROCESSOR_DEFINITIONS = (
					"DEBUG=1",
					"$(inherited)",
				);
				GCC_WARN_64_TO_32_BIT_CONVERSION = YES;
				GCC_WARN_ABOUT_RETURN_TYPE = YES_ERROR;
				GCC_WARN_UNDECLARED_SELECTOR = YES;
				GCC_WARN_UNINITIALIZED_AUTOS = YES_AGGRESSIVE;
				GCC_WARN_UNUSED_FUNCTION = YES;
				GCC_WARN_UNUSED_VARIABLE = YES;
				IPHONEOS_DEPLOYMENT_TARGET = 12.1;
				MTL_ENABLE_DEBUG_INFO = INCLUDE_SOURCE;
				MTL_FAST_MATH = YES;
				ONLY_ACTIVE_ARCH = YES;
				SDKROOT = iphoneos;
				SWIFT_ACTIVE_COMPILATION_CONDITIONS = DEBUG;
				SWIFT_OPTIMIZATION_LEVEL = "-Onone";
			};
			name = Debug;
		};
		4D0C4B6D21AEC73D00153E76 /* Release */ = {
			isa = XCBuildConfiguration;
			buildSettings = {
				ALWAYS_SEARCH_USER_PATHS = NO;
				CLANG_ANALYZER_NONNULL = YES;
				CLANG_ANALYZER_NUMBER_OBJECT_CONVERSION = YES_AGGRESSIVE;
				CLANG_CXX_LANGUAGE_STANDARD = "gnu++14";
				CLANG_CXX_LIBRARY = "libc++";
				CLANG_ENABLE_MODULES = YES;
				CLANG_ENABLE_OBJC_ARC = YES;
				CLANG_ENABLE_OBJC_WEAK = YES;
				CLANG_WARN_BLOCK_CAPTURE_AUTORELEASING = YES;
				CLANG_WARN_BOOL_CONVERSION = YES;
				CLANG_WARN_COMMA = YES;
				CLANG_WARN_CONSTANT_CONVERSION = YES;
				CLANG_WARN_DEPRECATED_OBJC_IMPLEMENTATIONS = YES;
				CLANG_WARN_DIRECT_OBJC_ISA_USAGE = YES_ERROR;
				CLANG_WARN_DOCUMENTATION_COMMENTS = YES;
				CLANG_WARN_EMPTY_BODY = YES;
				CLANG_WARN_ENUM_CONVERSION = YES;
				CLANG_WARN_INFINITE_RECURSION = YES;
				CLANG_WARN_INT_CONVERSION = YES;
				CLANG_WARN_NON_LITERAL_NULL_CONVERSION = YES;
				CLANG_WARN_OBJC_IMPLICIT_RETAIN_SELF = YES;
				CLANG_WARN_OBJC_LITERAL_CONVERSION = YES;
				CLANG_WARN_OBJC_ROOT_CLASS = YES_ERROR;
				CLANG_WARN_RANGE_LOOP_ANALYSIS = YES;
				CLANG_WARN_STRICT_PROTOTYPES = YES;
				CLANG_WARN_SUSPICIOUS_MOVE = YES;
				CLANG_WARN_UNGUARDED_AVAILABILITY = YES_AGGRESSIVE;
				CLANG_WARN_UNREACHABLE_CODE = YES;
				CLANG_WARN__DUPLICATE_METHOD_MATCH = YES;
				CODE_SIGN_IDENTITY = "iPhone Developer";
				COPY_PHASE_STRIP = NO;
				DEBUG_INFORMATION_FORMAT = "dwarf-with-dsym";
				ENABLE_NS_ASSERTIONS = NO;
				ENABLE_STRICT_OBJC_MSGSEND = YES;
				GCC_C_LANGUAGE_STANDARD = gnu11;
				GCC_NO_COMMON_BLOCKS = YES;
				GCC_WARN_64_TO_32_BIT_CONVERSION = YES;
				GCC_WARN_ABOUT_RETURN_TYPE = YES_ERROR;
				GCC_WARN_UNDECLARED_SELECTOR = YES;
				GCC_WARN_UNINITIALIZED_AUTOS = YES_AGGRESSIVE;
				GCC_WARN_UNUSED_FUNCTION = YES;
				GCC_WARN_UNUSED_VARIABLE = YES;
				IPHONEOS_DEPLOYMENT_TARGET = 12.1;
				MTL_ENABLE_DEBUG_INFO = NO;
				MTL_FAST_MATH = YES;
				SDKROOT = iphoneos;
				SWIFT_COMPILATION_MODE = wholemodule;
				SWIFT_OPTIMIZATION_LEVEL = "-O";
				VALIDATE_PRODUCT = YES;
			};
			name = Release;
		};
		4D0C4B6F21AEC73D00153E76 /* Debug */ = {
			isa = XCBuildConfiguration;
			buildSettings = {
				ASSETCATALOG_COMPILER_APPICON_NAME = AppIcon;
				CODE_SIGN_ENTITLEMENTS = EveryTime/EveryTime.entitlements;
				CODE_SIGN_STYLE = Automatic;
				DEVELOPMENT_TEAM = GEKZN86RYS;
				INFOPLIST_FILE = EveryTime/Info.plist;
				LD_RUNPATH_SEARCH_PATHS = (
					"$(inherited)",
					"@executable_path/Frameworks",
				);
				PRODUCT_BUNDLE_IDENTIFIER = com.whizbang.EveryTime;
				PRODUCT_NAME = "$(TARGET_NAME)";
				SWIFT_VERSION = 4.2;
				TARGETED_DEVICE_FAMILY = 1;
			};
			name = Debug;
		};
		4D0C4B7021AEC73D00153E76 /* Release */ = {
			isa = XCBuildConfiguration;
			buildSettings = {
				ASSETCATALOG_COMPILER_APPICON_NAME = AppIcon;
				CODE_SIGN_ENTITLEMENTS = EveryTime/EveryTime.entitlements;
				CODE_SIGN_STYLE = Automatic;
				DEVELOPMENT_TEAM = GEKZN86RYS;
				INFOPLIST_FILE = EveryTime/Info.plist;
				LD_RUNPATH_SEARCH_PATHS = (
					"$(inherited)",
					"@executable_path/Frameworks",
				);
				PRODUCT_BUNDLE_IDENTIFIER = com.whizbang.EveryTime;
				PRODUCT_NAME = "$(TARGET_NAME)";
				SWIFT_VERSION = 4.2;
				TARGETED_DEVICE_FAMILY = 1;
			};
			name = Release;
		};
		4D0C4B7221AEC73D00153E76 /* Debug */ = {
			isa = XCBuildConfiguration;
			buildSettings = {
				ALWAYS_EMBED_SWIFT_STANDARD_LIBRARIES = YES;
				BUNDLE_LOADER = "$(TEST_HOST)";
				CODE_SIGN_STYLE = Automatic;
				DEVELOPMENT_TEAM = GEKZN86RYS;
				INFOPLIST_FILE = SimpleRecipeTimerTests/Info.plist;
				LD_RUNPATH_SEARCH_PATHS = (
					"$(inherited)",
					"@executable_path/Frameworks",
					"@loader_path/Frameworks",
				);
				PRODUCT_BUNDLE_IDENTIFIER = com.whizbang.SimpleRecipeTimerTests;
				PRODUCT_NAME = "$(TARGET_NAME)";
				SWIFT_VERSION = 4.2;
				TARGETED_DEVICE_FAMILY = "1,2";
				TEST_HOST = "$(BUILT_PRODUCTS_DIR)/EveryTime.app/EveryTime";
			};
			name = Debug;
		};
		4D0C4B7321AEC73D00153E76 /* Release */ = {
			isa = XCBuildConfiguration;
			buildSettings = {
				ALWAYS_EMBED_SWIFT_STANDARD_LIBRARIES = YES;
				BUNDLE_LOADER = "$(TEST_HOST)";
				CODE_SIGN_STYLE = Automatic;
				DEVELOPMENT_TEAM = GEKZN86RYS;
				INFOPLIST_FILE = SimpleRecipeTimerTests/Info.plist;
				LD_RUNPATH_SEARCH_PATHS = (
					"$(inherited)",
					"@executable_path/Frameworks",
					"@loader_path/Frameworks",
				);
				PRODUCT_BUNDLE_IDENTIFIER = com.whizbang.SimpleRecipeTimerTests;
				PRODUCT_NAME = "$(TARGET_NAME)";
				SWIFT_VERSION = 4.2;
				TARGETED_DEVICE_FAMILY = "1,2";
				TEST_HOST = "$(BUILT_PRODUCTS_DIR)/EveryTime.app/EveryTime";
			};
			name = Release;
		};
		4D0C4B7521AEC73D00153E76 /* Debug */ = {
			isa = XCBuildConfiguration;
			buildSettings = {
				ALWAYS_EMBED_SWIFT_STANDARD_LIBRARIES = YES;
				CODE_SIGN_STYLE = Automatic;
				DEVELOPMENT_TEAM = GEKZN86RYS;
				INFOPLIST_FILE = SimpleRecipeTimerUITests/Info.plist;
				LD_RUNPATH_SEARCH_PATHS = (
					"$(inherited)",
					"@executable_path/Frameworks",
					"@loader_path/Frameworks",
				);
				PRODUCT_BUNDLE_IDENTIFIER = com.whizbang.SimpleRecipeTimerUITests;
				PRODUCT_NAME = "$(TARGET_NAME)";
				SWIFT_VERSION = 4.2;
				TARGETED_DEVICE_FAMILY = "1,2";
				TEST_TARGET_NAME = SimpleRecipeTimer;
			};
			name = Debug;
		};
		4D0C4B7621AEC73D00153E76 /* Release */ = {
			isa = XCBuildConfiguration;
			buildSettings = {
				ALWAYS_EMBED_SWIFT_STANDARD_LIBRARIES = YES;
				CODE_SIGN_STYLE = Automatic;
				DEVELOPMENT_TEAM = GEKZN86RYS;
				INFOPLIST_FILE = SimpleRecipeTimerUITests/Info.plist;
				LD_RUNPATH_SEARCH_PATHS = (
					"$(inherited)",
					"@executable_path/Frameworks",
					"@loader_path/Frameworks",
				);
				PRODUCT_BUNDLE_IDENTIFIER = com.whizbang.SimpleRecipeTimerUITests;
				PRODUCT_NAME = "$(TARGET_NAME)";
				SWIFT_VERSION = 4.2;
				TARGETED_DEVICE_FAMILY = "1,2";
				TEST_TARGET_NAME = SimpleRecipeTimer;
			};
			name = Release;
		};
		4D9986DB223CA30A0049D55C /* Debug */ = {
			isa = XCBuildConfiguration;
			buildSettings = {
				ALWAYS_EMBED_SWIFT_STANDARD_LIBRARIES = YES;
				ASSETCATALOG_COMPILER_APPICON_NAME = AppIcon;
				CODE_SIGN_ENTITLEMENTS = EveryTimeW/EveryTimeW.entitlements;
				CODE_SIGN_STYLE = Automatic;
				DEVELOPMENT_TEAM = GEKZN86RYS;
				IBSC_MODULE = EveryTimeW_Extension;
				INFOPLIST_FILE = EveryTimeW/Info.plist;
				PRODUCT_BUNDLE_IDENTIFIER = com.whizbang.EveryTime.watchkitapp;
				PRODUCT_NAME = "$(TARGET_NAME)";
				SDKROOT = watchos;
				SKIP_INSTALL = YES;
				SWIFT_VERSION = 4.2;
				TARGETED_DEVICE_FAMILY = 4;
				WATCHOS_DEPLOYMENT_TARGET = 5.1;
			};
			name = Debug;
		};
		4D9986DC223CA30A0049D55C /* Release */ = {
			isa = XCBuildConfiguration;
			buildSettings = {
				ALWAYS_EMBED_SWIFT_STANDARD_LIBRARIES = YES;
				ASSETCATALOG_COMPILER_APPICON_NAME = AppIcon;
				CODE_SIGN_ENTITLEMENTS = EveryTimeW/EveryTimeW.entitlements;
				CODE_SIGN_STYLE = Automatic;
				DEVELOPMENT_TEAM = GEKZN86RYS;
				IBSC_MODULE = EveryTimeW_Extension;
				INFOPLIST_FILE = EveryTimeW/Info.plist;
				PRODUCT_BUNDLE_IDENTIFIER = com.whizbang.EveryTime.watchkitapp;
				PRODUCT_NAME = "$(TARGET_NAME)";
				SDKROOT = watchos;
				SKIP_INSTALL = YES;
				SWIFT_VERSION = 4.2;
				TARGETED_DEVICE_FAMILY = 4;
				WATCHOS_DEPLOYMENT_TARGET = 5.1;
			};
			name = Release;
		};
		4D9986DD223CA30A0049D55C /* Debug */ = {
			isa = XCBuildConfiguration;
			buildSettings = {
				ASSETCATALOG_COMPILER_COMPLICATION_NAME = Complication;
				CODE_SIGN_STYLE = Automatic;
				DEVELOPMENT_TEAM = GEKZN86RYS;
				INFOPLIST_FILE = "EveryTimeW Extension/Info.plist";
				LD_RUNPATH_SEARCH_PATHS = (
					"$(inherited)",
					"@executable_path/Frameworks",
					"@executable_path/../../Frameworks",
				);
				PRODUCT_BUNDLE_IDENTIFIER = com.whizbang.EveryTime.watchkitapp.watchkitextension;
				PRODUCT_NAME = "${TARGET_NAME}";
				SDKROOT = watchos;
				SKIP_INSTALL = YES;
				SWIFT_VERSION = 4.2;
				TARGETED_DEVICE_FAMILY = 4;
				WATCHOS_DEPLOYMENT_TARGET = 5.1;
			};
			name = Debug;
		};
		4D9986DE223CA30A0049D55C /* Release */ = {
			isa = XCBuildConfiguration;
			buildSettings = {
				ASSETCATALOG_COMPILER_COMPLICATION_NAME = Complication;
				CODE_SIGN_STYLE = Automatic;
				DEVELOPMENT_TEAM = GEKZN86RYS;
				INFOPLIST_FILE = "EveryTimeW Extension/Info.plist";
				LD_RUNPATH_SEARCH_PATHS = (
					"$(inherited)",
					"@executable_path/Frameworks",
					"@executable_path/../../Frameworks",
				);
				PRODUCT_BUNDLE_IDENTIFIER = com.whizbang.EveryTime.watchkitapp.watchkitextension;
				PRODUCT_NAME = "${TARGET_NAME}";
				SDKROOT = watchos;
				SKIP_INSTALL = YES;
				SWIFT_VERSION = 4.2;
				TARGETED_DEVICE_FAMILY = 4;
				WATCHOS_DEPLOYMENT_TARGET = 5.1;
			};
			name = Release;
		};
/* End XCBuildConfiguration section */

/* Begin XCConfigurationList section */
		4D0C4B3E21AEC73A00153E76 /* Build configuration list for PBXProject "EveryTime" */ = {
			isa = XCConfigurationList;
			buildConfigurations = (
				4D0C4B6C21AEC73D00153E76 /* Debug */,
				4D0C4B6D21AEC73D00153E76 /* Release */,
			);
			defaultConfigurationIsVisible = 0;
			defaultConfigurationName = Release;
		};
		4D0C4B6E21AEC73D00153E76 /* Build configuration list for PBXNativeTarget "EveryTime" */ = {
			isa = XCConfigurationList;
			buildConfigurations = (
				4D0C4B6F21AEC73D00153E76 /* Debug */,
				4D0C4B7021AEC73D00153E76 /* Release */,
			);
			defaultConfigurationIsVisible = 0;
			defaultConfigurationName = Release;
		};
		4D0C4B7121AEC73D00153E76 /* Build configuration list for PBXNativeTarget "EveryTimeTests" */ = {
			isa = XCConfigurationList;
			buildConfigurations = (
				4D0C4B7221AEC73D00153E76 /* Debug */,
				4D0C4B7321AEC73D00153E76 /* Release */,
			);
			defaultConfigurationIsVisible = 0;
			defaultConfigurationName = Release;
		};
		4D0C4B7421AEC73D00153E76 /* Build configuration list for PBXNativeTarget "EveryTimeUITests" */ = {
			isa = XCConfigurationList;
			buildConfigurations = (
				4D0C4B7521AEC73D00153E76 /* Debug */,
				4D0C4B7621AEC73D00153E76 /* Release */,
			);
			defaultConfigurationIsVisible = 0;
			defaultConfigurationName = Release;
		};
		4D9986DF223CA30A0049D55C /* Build configuration list for PBXNativeTarget "EveryTimeW Extension" */ = {
			isa = XCConfigurationList;
			buildConfigurations = (
				4D9986DD223CA30A0049D55C /* Debug */,
				4D9986DE223CA30A0049D55C /* Release */,
			);
			defaultConfigurationIsVisible = 0;
			defaultConfigurationName = Release;
		};
		4D9986E1223CA30A0049D55C /* Build configuration list for PBXNativeTarget "EveryTimeW" */ = {
			isa = XCConfigurationList;
			buildConfigurations = (
				4D9986DB223CA30A0049D55C /* Debug */,
				4D9986DC223CA30A0049D55C /* Release */,
			);
			defaultConfigurationIsVisible = 0;
			defaultConfigurationName = Release;
		};
/* End XCConfigurationList section */

/* Begin XCVersionGroup section */
		4D0C4B4D21AEC73A00153E76 /* SimpleRecipeTimer.xcdatamodeld */ = {
			isa = XCVersionGroup;
			children = (
				4D53801F2240B9FA0051DD0F /* SimpleRecipeTimer v2.xcdatamodel */,
				4D0C4B4E21AEC73A00153E76 /* SimpleRecipeTimer.xcdatamodel */,
			);
			currentVersion = 4D53801F2240B9FA0051DD0F /* SimpleRecipeTimer v2.xcdatamodel */;
			path = SimpleRecipeTimer.xcdatamodeld;
			sourceTree = "<group>";
			versionGroupType = wrapper.xcdatamodel;
		};
/* End XCVersionGroup section */
	};
	rootObject = 4D0C4B3B21AEC73A00153E76 /* Project object */;
}
